<?xml version="1.0" encoding="utf-8"?>
<Project ToolsVersion="4.0" xmlns="http://schemas.microsoft.com/developer/msbuild/2003">
  <ItemGroup>
    <ClCompile Include="CGObject.cpp">
      <Filter>source</Filter>
    </ClCompile>
    <ClCompile Include="main.cpp">
      <Filter>source</Filter>
    </ClCompile>
    <ClCompile Include="EulerAngles.c">
      <Filter>source</Filter>
    </ClCompile>
  </ItemGroup>
  <ItemGroup>
    <ClInclude Include="CGObject.h">
      <Filter>Headers</Filter>
    </ClInclude>
    <ClInclude Include="..\Dependencies\OBJ_Loader.h">
      <Filter>Headers</Filter>
    </ClInclude>
    <ClInclude Include="opengl_utils.h">
      <Filter>Headers</Filter>
    </ClInclude>
    <ClInclude Include="EulerAngles.h">
      <Filter>Headers</Filter>
    </ClInclude>
    <ClInclude Include="QuatTypes.h">
      <Filter>Headers</Filter>
    </ClInclude>
  </ItemGroup>
  <ItemGroup>
    <None Include="shaders\circle.fs">
      <Filter>Shaders</Filter>
    </None>
    <None Include="shaders\circle.vs">
      <Filter>Shaders</Filter>
    </None>
    <None Include="shaders\blinnPhong.fs">
      <Filter>Shaders</Filter>
    </None>
    <None Include="shaders\blinnPhong.vs">
      <Filter>Shaders</Filter>
    </None>
  </ItemGroup>
  <ItemGroup>
    <Filter Include="Shaders">
      <UniqueIdentifier>{ad119c2d-155b-4693-a9c7-987f67db9741}</UniqueIdentifier>
    </Filter>
    <Filter Include="Headers">
      <UniqueIdentifier>{54cd1425-7063-4165-847a-6452ff3a604b}</UniqueIdentifier>
    </Filter>
    <Filter Include="source">
      <UniqueIdentifier>{caf075e2-ff24-41ba-a285-1f639e392f00}</UniqueIdentifier>
    </Filter>
  </ItemGroup>
</Project>