
Microsoft Visual Studio Solution File, Format Version 12.00
# Visual Studio 15
VisualStudioVersion = 15.0.27703.2047
MinimumVisualStudioVersion = 10.0.40219.1
Project("{8BC9CEB8-8B4A-11D0-8D11-00A0C91BC942}") = "Assignment1", "Assignment1\Assignment1.vcxproj", "{FB9BB5CD-0AA8-4B81-8281-2BE6C074E752}"
EndProject
Project("{8BC9CEB8-8B4A-11D0-8D11-00A0C91BC942}") = "Assignment2", "Assignment2\Assignment2.vcxproj", "{B4EFCB53-69EF-4A95-9021-46D2A9BA20A7}"
EndProject
Project("{8BC9CEB8-8B4A-11D0-8D11-00A0C91BC942}") = "Assignment2_glfw3", "Assignment2_glfw3\Assignment2_glfw3.vcxproj", "{4EC9225C-F233-445F-88A6-1F5DCCAB58DC}"
EndProject
Project("{8BC9CEB8-8B4A-11D0-8D11-00A0C91BC942}") = "Assignment2_imgui", "Assignment2_imgui\Assignment2_imgui.vcxproj", "{AF1F5C8E-4F5D-448E-AD95-B6F45BF59C66}"
EndProject
Global
	GlobalSection(SolutionConfigurationPlatforms) = preSolution
		Debug|x64 = Debug|x64
		Debug|x86 = Debug|x86
		Release|x64 = Release|x64
		Release|x86 = Release|x86
	EndGlobalSection
	GlobalSection(ProjectConfigurationPlatforms) = postSolution
		{FB9BB5CD-0AA8-4B81-8281-2BE6C074E752}.Debug|x64.ActiveCfg = Debug|x64
		{FB9BB5CD-0AA8-4B81-8281-2BE6C074E752}.Debug|x64.Build.0 = Debug|x64
		{FB9BB5CD-0AA8-4B81-8281-2BE6C074E752}.Debug|x86.ActiveCfg = Debug|Win32
		{FB9BB5CD-0AA8-4B81-8281-2BE6C074E752}.Debug|x86.Build.0 = Debug|Win32
		{FB9BB5CD-0AA8-4B81-8281-2BE6C074E752}.Release|x64.ActiveCfg = Release|x64
		{FB9BB5CD-0AA8-4B81-8281-2BE6C074E752}.Release|x64.Build.0 = Release|x64
		{FB9BB5CD-0AA8-4B81-8281-2BE6C074E752}.Release|x86.ActiveCfg = Release|Win32
		{FB9BB5CD-0AA8-4B81-8281-2BE6C074E752}.Release|x86.Build.0 = Release|Win32
		{B4EFCB53-69EF-4A95-9021-46D2A9BA20A7}.Debug|x64.ActiveCfg = Debug|x64
		{B4EFCB53-69EF-4A95-9021-46D2A9BA20A7}.Debug|x64.Build.0 = Debug|x64
		{B4EFCB53-69EF-4A95-9021-46D2A9BA20A7}.Debug|x86.ActiveCfg = Debug|Win32
		{B4EFCB53-69EF-4A95-9021-46D2A9BA20A7}.Debug|x86.Build.0 = Debug|Win32
		{B4EFCB53-69EF-4A95-9021-46D2A9BA20A7}.Release|x64.ActiveCfg = Release|x64
		{B4EFCB53-69EF-4A95-9021-46D2A9BA20A7}.Release|x64.Build.0 = Release|x64
		{B4EFCB53-69EF-4A95-9021-46D2A9BA20A7}.Release|x86.ActiveCfg = Release|Win32
		{B4EFCB53-69EF-4A95-9021-46D2A9BA20A7}.Release|x86.Build.0 = Release|Win32
		{4EC9225C-F233-445F-88A6-1F5DCCAB58DC}.Debug|x64.ActiveCfg = Debug|x64
		{4EC9225C-F233-445F-88A6-1F5DCCAB58DC}.Debug|x64.Build.0 = Debug|x64
		{4EC9225C-F233-445F-88A6-1F5DCCAB58DC}.Debug|x86.ActiveCfg = Debug|Win32
		{4EC9225C-F233-445F-88A6-1F5DCCAB58DC}.Debug|x86.Build.0 = Debug|Win32
		{4EC9225C-F233-445F-88A6-1F5DCCAB58DC}.Release|x64.ActiveCfg = Release|x64
		{4EC9225C-F233-445F-88A6-1F5DCCAB58DC}.Release|x64.Build.0 = Release|x64
		{4EC9225C-F233-445F-88A6-1F5DCCAB58DC}.Release|x86.ActiveCfg = Release|Win32
		{4EC9225C-F233-445F-88A6-1F5DCCAB58DC}.Release|x86.Build.0 = Release|Win32
		{AF1F5C8E-4F5D-448E-AD95-B6F45BF59C66}.Debug|x64.ActiveCfg = Debug|x64
		{AF1F5C8E-4F5D-448E-AD95-B6F45BF59C66}.Debug|x64.Build.0 = Debug|x64
		{AF1F5C8E-4F5D-448E-AD95-B6F45BF59C66}.Debug|x86.ActiveCfg = Debug|Win32
		{AF1F5C8E-4F5D-448E-AD95-B6F45BF59C66}.Debug|x86.Build.0 = Debug|Win32
		{AF1F5C8E-4F5D-448E-AD95-B6F45BF59C66}.Release|x64.ActiveCfg = Release|x64
		{AF1F5C8E-4F5D-448E-AD95-B6F45BF59C66}.Release|x64.Build.0 = Release|x64
		{AF1F5C8E-4F5D-448E-AD95-B6F45BF59C66}.Release|x86.ActiveCfg = Release|Win32
		{AF1F5C8E-4F5D-448E-AD95-B6F45BF59C66}.Release|x86.Build.0 = Release|Win32
	EndGlobalSection
	GlobalSection(SolutionProperties) = preSolution
		HideSolutionNode = FALSE
	EndGlobalSection
	GlobalSection(ExtensibilityGlobals) = postSolution
		SolutionGuid = {210AE446-A5CE-4A9C-8F46-DD461352E60A}
	EndGlobalSection
EndGlobal
