<?xml version="1.0" encoding="utf-8"?>
<Project ToolsVersion="4.0" xmlns="http://schemas.microsoft.com/developer/msbuild/2003">
  <ItemGroup>
    <ClCompile Include="main.cpp">
      <Filter>source</Filter>
    </ClCompile>
    <ClCompile Include="CGObject.cpp">
      <Filter>source</Filter>
    </ClCompile>
    <ClCompile Include="Blendshape.cpp">
      <Filter>source</Filter>
    </ClCompile>
    <ClCompile Include="Face.cpp">
      <Filter>source</Filter>
    </ClCompile>
    <ClCompile Include="vboindexer.cpp">
      <Filter>source</Filter>
    </ClCompile>
  </ItemGroup>
  <ItemGroup>
    <ClInclude Include="CGObject.h">
      <Filter>Headers</Filter>
    </ClInclude>
    <ClInclude Include="..\Dependencies\OBJ_Loader.h">
      <Filter>Headers</Filter>
    </ClInclude>
    <ClInclude Include="opengl_utils.h">
      <Filter>Headers</Filter>
    </ClInclude>
    <ClInclude Include="dirent.h">
      <Filter>Headers</Filter>
    </ClInclude>
    <ClInclude Include="Blendshape.h">
      <Filter>Headers</Filter>
    </ClInclude>
    <ClInclude Include="Face.h">
      <Filter>Headers</Filter>
    </ClInclude>
    <ClInclude Include="vboindexer.hpp">
      <Filter>Headers</Filter>
    </ClInclude>
    <ClInclude Include="Geometry.h">
      <Filter>Headers</Filter>
    </ClInclude>
  </ItemGroup>
  <ItemGroup>
    <None Include="shaders\circle.fs">
      <Filter>Shaders</Filter>
    </None>
    <None Include="shaders\circle.vs">
      <Filter>Shaders</Filter>
    </None>
    <None Include="shaders\Fresnel.fs">
      <Filter>Shaders</Filter>
    </None>
    <None Include="shaders\Fresnel.vs">
      <Filter>Shaders</Filter>
    </None>
  </ItemGroup>
  <ItemGroup>
    <Filter Include="Shaders">
      <UniqueIdentifier>{ad119c2d-155b-4693-a9c7-987f67db9741}</UniqueIdentifier>
    </Filter>
    <Filter Include="Headers">
      <UniqueIdentifier>{54cd1425-7063-4165-847a-6452ff3a604b}</UniqueIdentifier>
    </Filter>
    <Filter Include="source">
      <UniqueIdentifier>{b53efdda-6162-441d-85bf-829f3b4eb869}</UniqueIdentifier>
    </Filter>
  </ItemGroup>
</Project>